
Microsoft Visual Studio Solution File, Format Version 12.00
# Visual Studio Version 17
VisualStudioVersion = 17.8.34525.116
MinimumVisualStudioVersion = 10.0.40219.1
Project("{FAE04EC0-301F-11D3-BF4B-00C04F79EFBC}") = "UI", "UI\UI.csproj", "{BAFF0875-967D-45B3-BA2D-2981626455A9}"
EndProject
Global
	GlobalSection(SolutionConfigurationPlatforms) = preSolution
		Debug|Any CPU = Debug|Any CPU
		Release|Any CPU = Release|Any CPU
	EndGlobalSection
	GlobalSection(ProjectConfigurationPlatforms) = postSolution
		{BAFF0875-967D-45B3-BA2D-2981626455A9}.Debug|Any CPU.ActiveCfg = Debug|Any CPU
		{BAFF0875-967D-45B3-BA2D-2981626455A9}.Debug|Any CPU.Build.0 = Debug|Any CPU
		{BAFF0875-967D-45B3-BA2D-2981626455A9}.Release|Any CPU.ActiveCfg = Release|Any CPU
		{BAFF0875-967D-45B3-BA2D-2981626455A9}.Release|Any CPU.Build.0 = Release|Any CPU
	EndGlobalSection
	GlobalSection(SolutionProperties) = preSolution
		HideSolutionNode = FALSE
	EndGlobalSection
	GlobalSection(ExtensibilityGlobals) = postSolution
		SolutionGuid = {5FEBE3A3-DDAE-4A0E-9FE4-8EACDEF94B65}
	EndGlobalSection
EndGlobal
