
Microsoft Visual Studio Solution File, Format Version 12.00
# Visual Studio Version 17
VisualStudioVersion = 17.2.32317.152
MinimumVisualStudioVersion = 10.0.40219.1
Project("{9A19103F-16F7-4668-BE54-9A1E7A4F7556}") = "Domain", "Domain\Domain.csproj", "{9973A189-8E06-404B-A377-49FB3E0A51E1}"
EndProject
Project("{2150E333-8FDC-42A3-9474-1A3956D46DE8}") = "UI", "UI", "{BD8A717B-8671-4220-BB81-E22B815D265A}"
EndProject
Project("{2150E333-8FDC-42A3-9474-1A3956D46DE8}") = "Solution Items", "Solution Items", "{FEB26297-F795-4890-84DC-C9712BC974A0}"
	ProjectSection(SolutionItems) = preProject
		.editorconfig = .editorconfig
	EndProjectSection
EndProject
Project("{9A19103F-16F7-4668-BE54-9A1E7A4F7556}") = "MobileClient", "UI\MobileClient\MobileClient.csproj", "{CCDE0DAB-A8F2-4CDA-B2F3-958F57ADC6D6}"
EndProject
Project("{9A19103F-16F7-4668-BE54-9A1E7A4F7556}") = "DesktopClient", "UI\DesktopClient\DesktopClient.csproj", "{C6F0E2EB-D324-42F3-903E-47B9EB0BD770}"
EndProject
Project("{2150E333-8FDC-42A3-9474-1A3956D46DE8}") = "Libraries", "Libraries", "{C0AD778E-0ACE-4CBE-A910-2551C63FBB5A}"
EndProject
Project("{2150E333-8FDC-42A3-9474-1A3956D46DE8}") = "Other", "Other", "{14078D61-A9F4-4D1E-997A-BF919B94B8A3}"
EndProject
Project("{9A19103F-16F7-4668-BE54-9A1E7A4F7556}") = "UILibrary", "Other\UILibrary\UILibrary.csproj", "{DE3AA34B-1AA0-4DEC-B3A6-A53DE8AF0508}"
EndProject
Project("{9A19103F-16F7-4668-BE54-9A1E7A4F7556}") = "Presentation", "Presentation\Presentation.csproj", "{CBD98E8B-5C7B-4A43-8B9C-5DB6A8D62803}"
EndProject
Project("{9A19103F-16F7-4668-BE54-9A1E7A4F7556}") = "Application", "Application\Application.csproj", "{854F4929-AA2E-4D62-84F5-3601D5D2879D}"
EndProject
Project("{9A19103F-16F7-4668-BE54-9A1E7A4F7556}") = "Interface", "Interface\Interface.csproj", "{C6481ECF-0BA4-4C52-9465-36914C5A98C9}"
EndProject
Project("{9A19103F-16F7-4668-BE54-9A1E7A4F7556}") = "Persistence.Api", "Persistence\Api\Persistence.Api.csproj", "{E5F5F905-07D3-4CE3-A64D-5EE49AD1FCE0}"
EndProject
Project("{9A19103F-16F7-4668-BE54-9A1E7A4F7556}") = "Common", "Common\Common.csproj", "{1958FE1B-9E2B-4DDE-B8C9-1C7437FC2A9D}"
EndProject
Project("{2150E333-8FDC-42A3-9474-1A3956D46DE8}") = "Mocks", "Mocks", "{63E5AAEB-DDD6-4F31-9BE1-A8E6EF23B59F}"
EndProject
Project("{9A19103F-16F7-4668-BE54-9A1E7A4F7556}") = "Persistence.Api.Mock", "Mocks\Persistence.Api.Mock\Persistence.Api.Mock.csproj", "{40A4840C-1AA3-47B1-99BB-C8D496E5F2AA}"
EndProject
Project("{2150E333-8FDC-42A3-9474-1A3956D46DE8}") = "Tests", "Tests", "{4C542639-BB01-4511-A869-FB59E0979702}"
EndProject
Project("{FAE04EC0-301F-11D3-BF4B-00C04F79EFBC}") = "Persistence.Api.UnitTests", "Tests\Persistence.Api.UnitTests\Persistence.Api.UnitTests.csproj", "{D3741F71-2F57-4653-BC5A-BCB905A6212D}"
EndProject
Global
	GlobalSection(SolutionConfigurationPlatforms) = preSolution
		Debug|Any CPU = Debug|Any CPU
		Release|Any CPU = Release|Any CPU
	EndGlobalSection
	GlobalSection(ProjectConfigurationPlatforms) = postSolution
		{9973A189-8E06-404B-A377-49FB3E0A51E1}.Debug|Any CPU.ActiveCfg = Debug|Any CPU
		{9973A189-8E06-404B-A377-49FB3E0A51E1}.Debug|Any CPU.Build.0 = Debug|Any CPU
		{9973A189-8E06-404B-A377-49FB3E0A51E1}.Release|Any CPU.ActiveCfg = Release|Any CPU
		{9973A189-8E06-404B-A377-49FB3E0A51E1}.Release|Any CPU.Build.0 = Release|Any CPU
		{CCDE0DAB-A8F2-4CDA-B2F3-958F57ADC6D6}.Debug|Any CPU.ActiveCfg = Debug|Any CPU
		{CCDE0DAB-A8F2-4CDA-B2F3-958F57ADC6D6}.Debug|Any CPU.Build.0 = Debug|Any CPU
		{CCDE0DAB-A8F2-4CDA-B2F3-958F57ADC6D6}.Release|Any CPU.ActiveCfg = Release|Any CPU
		{CCDE0DAB-A8F2-4CDA-B2F3-958F57ADC6D6}.Release|Any CPU.Build.0 = Release|Any CPU
		{C6F0E2EB-D324-42F3-903E-47B9EB0BD770}.Debug|Any CPU.ActiveCfg = Debug|Any CPU
		{C6F0E2EB-D324-42F3-903E-47B9EB0BD770}.Debug|Any CPU.Build.0 = Debug|Any CPU
		{C6F0E2EB-D324-42F3-903E-47B9EB0BD770}.Release|Any CPU.ActiveCfg = Release|Any CPU
		{C6F0E2EB-D324-42F3-903E-47B9EB0BD770}.Release|Any CPU.Build.0 = Release|Any CPU
		{DE3AA34B-1AA0-4DEC-B3A6-A53DE8AF0508}.Debug|Any CPU.ActiveCfg = Debug|Any CPU
		{DE3AA34B-1AA0-4DEC-B3A6-A53DE8AF0508}.Debug|Any CPU.Build.0 = Debug|Any CPU
		{DE3AA34B-1AA0-4DEC-B3A6-A53DE8AF0508}.Release|Any CPU.ActiveCfg = Release|Any CPU
		{DE3AA34B-1AA0-4DEC-B3A6-A53DE8AF0508}.Release|Any CPU.Build.0 = Release|Any CPU
		{CBD98E8B-5C7B-4A43-8B9C-5DB6A8D62803}.Debug|Any CPU.ActiveCfg = Debug|Any CPU
		{CBD98E8B-5C7B-4A43-8B9C-5DB6A8D62803}.Debug|Any CPU.Build.0 = Debug|Any CPU
		{CBD98E8B-5C7B-4A43-8B9C-5DB6A8D62803}.Release|Any CPU.ActiveCfg = Release|Any CPU
		{CBD98E8B-5C7B-4A43-8B9C-5DB6A8D62803}.Release|Any CPU.Build.0 = Release|Any CPU
		{854F4929-AA2E-4D62-84F5-3601D5D2879D}.Debug|Any CPU.ActiveCfg = Debug|Any CPU
		{854F4929-AA2E-4D62-84F5-3601D5D2879D}.Debug|Any CPU.Build.0 = Debug|Any CPU
		{854F4929-AA2E-4D62-84F5-3601D5D2879D}.Release|Any CPU.ActiveCfg = Release|Any CPU
		{854F4929-AA2E-4D62-84F5-3601D5D2879D}.Release|Any CPU.Build.0 = Release|Any CPU
		{C6481ECF-0BA4-4C52-9465-36914C5A98C9}.Debug|Any CPU.ActiveCfg = Debug|Any CPU
		{C6481ECF-0BA4-4C52-9465-36914C5A98C9}.Debug|Any CPU.Build.0 = Debug|Any CPU
		{C6481ECF-0BA4-4C52-9465-36914C5A98C9}.Release|Any CPU.ActiveCfg = Release|Any CPU
		{C6481ECF-0BA4-4C52-9465-36914C5A98C9}.Release|Any CPU.Build.0 = Release|Any CPU
		{E5F5F905-07D3-4CE3-A64D-5EE49AD1FCE0}.Debug|Any CPU.ActiveCfg = Debug|Any CPU
		{E5F5F905-07D3-4CE3-A64D-5EE49AD1FCE0}.Debug|Any CPU.Build.0 = Debug|Any CPU
		{E5F5F905-07D3-4CE3-A64D-5EE49AD1FCE0}.Release|Any CPU.ActiveCfg = Release|Any CPU
		{E5F5F905-07D3-4CE3-A64D-5EE49AD1FCE0}.Release|Any CPU.Build.0 = Release|Any CPU
		{1958FE1B-9E2B-4DDE-B8C9-1C7437FC2A9D}.Debug|Any CPU.ActiveCfg = Debug|Any CPU
		{1958FE1B-9E2B-4DDE-B8C9-1C7437FC2A9D}.Debug|Any CPU.Build.0 = Debug|Any CPU
		{1958FE1B-9E2B-4DDE-B8C9-1C7437FC2A9D}.Release|Any CPU.ActiveCfg = Release|Any CPU
		{1958FE1B-9E2B-4DDE-B8C9-1C7437FC2A9D}.Release|Any CPU.Build.0 = Release|Any CPU
		{40A4840C-1AA3-47B1-99BB-C8D496E5F2AA}.Debug|Any CPU.ActiveCfg = Debug|Any CPU
		{40A4840C-1AA3-47B1-99BB-C8D496E5F2AA}.Debug|Any CPU.Build.0 = Debug|Any CPU
		{40A4840C-1AA3-47B1-99BB-C8D496E5F2AA}.Release|Any CPU.ActiveCfg = Release|Any CPU
		{40A4840C-1AA3-47B1-99BB-C8D496E5F2AA}.Release|Any CPU.Build.0 = Release|Any CPU
		{D3741F71-2F57-4653-BC5A-BCB905A6212D}.Debug|Any CPU.ActiveCfg = Debug|Any CPU
		{D3741F71-2F57-4653-BC5A-BCB905A6212D}.Debug|Any CPU.Build.0 = Debug|Any CPU
		{D3741F71-2F57-4653-BC5A-BCB905A6212D}.Release|Any CPU.ActiveCfg = Release|Any CPU
		{D3741F71-2F57-4653-BC5A-BCB905A6212D}.Release|Any CPU.Build.0 = Release|Any CPU
	EndGlobalSection
	GlobalSection(SolutionProperties) = preSolution
		HideSolutionNode = FALSE
	EndGlobalSection
	GlobalSection(NestedProjects) = preSolution
		{9973A189-8E06-404B-A377-49FB3E0A51E1} = {C0AD778E-0ACE-4CBE-A910-2551C63FBB5A}
		{CCDE0DAB-A8F2-4CDA-B2F3-958F57ADC6D6} = {BD8A717B-8671-4220-BB81-E22B815D265A}
		{C6F0E2EB-D324-42F3-903E-47B9EB0BD770} = {BD8A717B-8671-4220-BB81-E22B815D265A}
		{DE3AA34B-1AA0-4DEC-B3A6-A53DE8AF0508} = {14078D61-A9F4-4D1E-997A-BF919B94B8A3}
		{CBD98E8B-5C7B-4A43-8B9C-5DB6A8D62803} = {C0AD778E-0ACE-4CBE-A910-2551C63FBB5A}
		{854F4929-AA2E-4D62-84F5-3601D5D2879D} = {C0AD778E-0ACE-4CBE-A910-2551C63FBB5A}
		{C6481ECF-0BA4-4C52-9465-36914C5A98C9} = {C0AD778E-0ACE-4CBE-A910-2551C63FBB5A}
		{E5F5F905-07D3-4CE3-A64D-5EE49AD1FCE0} = {C0AD778E-0ACE-4CBE-A910-2551C63FBB5A}
		{1958FE1B-9E2B-4DDE-B8C9-1C7437FC2A9D} = {C0AD778E-0ACE-4CBE-A910-2551C63FBB5A}
		{40A4840C-1AA3-47B1-99BB-C8D496E5F2AA} = {63E5AAEB-DDD6-4F31-9BE1-A8E6EF23B59F}
		{D3741F71-2F57-4653-BC5A-BCB905A6212D} = {4C542639-BB01-4511-A869-FB59E0979702}
	EndGlobalSection
	GlobalSection(ExtensibilityGlobals) = postSolution
		SolutionGuid = {27773AA4-1E87-4785-A22A-9AA3728DDF97}
	EndGlobalSection
EndGlobal
